
Microsoft Visual Studio Solution File, Format Version 12.00
# Visual Studio Version 17
VisualStudioVersion = 17.6.33712.159
MinimumVisualStudioVersion = 10.0.40219.1
Project("{9A19103F-16F7-4668-BE54-9A1E7A4F7556}") = "Vyntix.Fred.Domain", "Vyntix.Fred.Domain\Vyntix.Fred.Domain.csproj", "{31B36410-2A76-4D52-9F12-C4B28BF6DF77}"
EndProject
Project("{2150E333-8FDC-42A3-9474-1A3956D46DE8}") = "Solution Items", "Solution Items", "{741EE3FA-5F2D-404F-AAFE-FB82723119D5}"
	ProjectSection(SolutionItems) = preProject
		azure-pipelines.yml = azure-pipelines.yml
		version.json = version.json
	EndProjectSection
EndProject
Global
	GlobalSection(SolutionConfigurationPlatforms) = preSolution
		Debug|Any CPU = Debug|Any CPU
		Release|Any CPU = Release|Any CPU
	EndGlobalSection
	GlobalSection(ProjectConfigurationPlatforms) = postSolution
		{31B36410-2A76-4D52-9F12-C4B28BF6DF77}.Debug|Any CPU.ActiveCfg = Debug|Any CPU
		{31B36410-2A76-4D52-9F12-C4B28BF6DF77}.Debug|Any CPU.Build.0 = Debug|Any CPU
		{31B36410-2A76-4D52-9F12-C4B28BF6DF77}.Release|Any CPU.ActiveCfg = Release|Any CPU
		{31B36410-2A76-4D52-9F12-C4B28BF6DF77}.Release|Any CPU.Build.0 = Release|Any CPU
	EndGlobalSection
	GlobalSection(SolutionProperties) = preSolution
		HideSolutionNode = FALSE
	EndGlobalSection
	GlobalSection(ExtensibilityGlobals) = postSolution
		SolutionGuid = {4955CB8C-0BC1-4320-A7B6-3B6A084E9494}
	EndGlobalSection
EndGlobal
